
Microsoft Visual Studio Solution File, Format Version 12.00
# Visual Studio 2013
VisualStudioVersion = 12.0.21005.1
MinimumVisualStudioVersion = 10.0.40219.1
Project("{FAE04EC0-301F-11D3-BF4B-00C04F79EFBC}") = "ImageProcessToolBox", "ImageProcessToolBox\ImageProcessToolBox.csproj", "{35A2C665-8EAC-4BB7-8DFA-B3F7A94332E2}"
EndProject
Project("{FAE04EC0-301F-11D3-BF4B-00C04F79EFBC}") = "EulerFormula", "EulerFormula\EulerFormula.csproj", "{C1F6C61E-8F86-4DCE-9796-20E933F8FE90}"
EndProject
Project("{FAE04EC0-301F-11D3-BF4B-00C04F79EFBC}") = "ImageProcessEfficacy", "ImageProcessEfficacy\ImageProcessEfficacy.csproj", "{7DF466D6-DE38-4F94-AB04-798EE4B4D0CE}"
EndProject
Project("{FAE04EC0-301F-11D3-BF4B-00C04F79EFBC}") = "ImageSimilarity", "ImageSimilarity\ImageSimilarity.csproj", "{D08B6CD4-8DA7-45AF-B241-11E4E2CBC83B}"
EndProject
Project("{FAE04EC0-301F-11D3-BF4B-00C04F79EFBC}") = "CuttingImage", "CuttingImage\CuttingImage.csproj", "{33058566-4F71-4A30-B69E-CE13EB9B22A8}"
EndProject
Global
	GlobalSection(SolutionConfigurationPlatforms) = preSolution
		Debug|Any CPU = Debug|Any CPU
		Release|Any CPU = Release|Any CPU
	EndGlobalSection
	GlobalSection(ProjectConfigurationPlatforms) = postSolution
		{35A2C665-8EAC-4BB7-8DFA-B3F7A94332E2}.Debug|Any CPU.ActiveCfg = Debug|Any CPU
		{35A2C665-8EAC-4BB7-8DFA-B3F7A94332E2}.Debug|Any CPU.Build.0 = Debug|Any CPU
		{35A2C665-8EAC-4BB7-8DFA-B3F7A94332E2}.Release|Any CPU.ActiveCfg = Release|Any CPU
		{35A2C665-8EAC-4BB7-8DFA-B3F7A94332E2}.Release|Any CPU.Build.0 = Release|Any CPU
		{C1F6C61E-8F86-4DCE-9796-20E933F8FE90}.Debug|Any CPU.ActiveCfg = Debug|Any CPU
		{C1F6C61E-8F86-4DCE-9796-20E933F8FE90}.Debug|Any CPU.Build.0 = Debug|Any CPU
		{C1F6C61E-8F86-4DCE-9796-20E933F8FE90}.Release|Any CPU.ActiveCfg = Release|Any CPU
		{C1F6C61E-8F86-4DCE-9796-20E933F8FE90}.Release|Any CPU.Build.0 = Release|Any CPU
		{7DF466D6-DE38-4F94-AB04-798EE4B4D0CE}.Debug|Any CPU.ActiveCfg = Debug|Any CPU
		{7DF466D6-DE38-4F94-AB04-798EE4B4D0CE}.Debug|Any CPU.Build.0 = Debug|Any CPU
		{7DF466D6-DE38-4F94-AB04-798EE4B4D0CE}.Release|Any CPU.ActiveCfg = Release|Any CPU
		{7DF466D6-DE38-4F94-AB04-798EE4B4D0CE}.Release|Any CPU.Build.0 = Release|Any CPU
		{D08B6CD4-8DA7-45AF-B241-11E4E2CBC83B}.Debug|Any CPU.ActiveCfg = Debug|Any CPU
		{D08B6CD4-8DA7-45AF-B241-11E4E2CBC83B}.Debug|Any CPU.Build.0 = Debug|Any CPU
		{D08B6CD4-8DA7-45AF-B241-11E4E2CBC83B}.Release|Any CPU.ActiveCfg = Release|Any CPU
		{D08B6CD4-8DA7-45AF-B241-11E4E2CBC83B}.Release|Any CPU.Build.0 = Release|Any CPU
		{33058566-4F71-4A30-B69E-CE13EB9B22A8}.Debug|Any CPU.ActiveCfg = Debug|Any CPU
		{33058566-4F71-4A30-B69E-CE13EB9B22A8}.Debug|Any CPU.Build.0 = Debug|Any CPU
		{33058566-4F71-4A30-B69E-CE13EB9B22A8}.Release|Any CPU.ActiveCfg = Release|Any CPU
		{33058566-4F71-4A30-B69E-CE13EB9B22A8}.Release|Any CPU.Build.0 = Release|Any CPU
	EndGlobalSection
	GlobalSection(SolutionProperties) = preSolution
		HideSolutionNode = FALSE
	EndGlobalSection
EndGlobal
